
Microsoft Visual Studio Solution File, Format Version 12.00
# Visual Studio Version 17
VisualStudioVersion = 17.13.35825.156 d17.13
MinimumVisualStudioVersion = 10.0.40219.1
Project("{FAE04EC0-301F-11D3-BF4B-00C04F79EFBC}") = "SuperTaskBowl", "SuperTaskBowl\SuperTaskBowl.csproj", "{8BE11C0D-CB53-477A-BAFE-2226ECA43546}"
EndProject
Global
	GlobalSection(SolutionConfigurationPlatforms) = preSolution
		Debug|Any CPU = Debug|Any CPU
		Release|Any CPU = Release|Any CPU
	EndGlobalSection
	GlobalSection(ProjectConfigurationPlatforms) = postSolution
		{8BE11C0D-CB53-477A-BAFE-2226ECA43546}.Debug|Any CPU.ActiveCfg = Debug|Any CPU
		{8BE11C0D-CB53-477A-BAFE-2226ECA43546}.Debug|Any CPU.Build.0 = Debug|Any CPU
		{8BE11C0D-CB53-477A-BAFE-2226ECA43546}.Release|Any CPU.ActiveCfg = Release|Any CPU
		{8BE11C0D-CB53-477A-BAFE-2226ECA43546}.Release|Any CPU.Build.0 = Release|Any CPU
	EndGlobalSection
	GlobalSection(SolutionProperties) = preSolution
		HideSolutionNode = FALSE
	EndGlobalSection
	GlobalSection(ExtensibilityGlobals) = postSolution
		SolutionGuid = {8B9A4878-8BE4-4004-82F3-E02C7D1CCE98}
	EndGlobalSection
EndGlobal
